
Microsoft Visual Studio Solution File, Format Version 12.00
Project("{FAE04EC0-301F-11D3-BF4B-00C04F79EFBC}") = "Algorithms", "Algorithms\Algorithms.csproj", "{CA830790-735E-4560-A944-3D8BB1BB3563}"
EndProject
Project("{FAE04EC0-301F-11D3-BF4B-00C04F79EFBC}") = "Algorithms.Tests", "Algorithms.Tests\Algorithms.Tests.csproj", "{68F0E071-535E-4A97-BC8D-DCDC0D6FFEE8}"
EndProject
Global
	GlobalSection(SolutionConfigurationPlatforms) = preSolution
		Debug|Any CPU = Debug|Any CPU
		Release|Any CPU = Release|Any CPU
	EndGlobalSection
	GlobalSection(ProjectConfigurationPlatforms) = postSolution
		{CA830790-735E-4560-A944-3D8BB1BB3563}.Debug|Any CPU.ActiveCfg = Debug|Any CPU
		{CA830790-735E-4560-A944-3D8BB1BB3563}.Debug|Any CPU.Build.0 = Debug|Any CPU
		{CA830790-735E-4560-A944-3D8BB1BB3563}.Release|Any CPU.ActiveCfg = Release|Any CPU
		{CA830790-735E-4560-A944-3D8BB1BB3563}.Release|Any CPU.Build.0 = Release|Any CPU
		{68F0E071-535E-4A97-BC8D-DCDC0D6FFEE8}.Debug|Any CPU.ActiveCfg = Debug|Any CPU
		{68F0E071-535E-4A97-BC8D-DCDC0D6FFEE8}.Debug|Any CPU.Build.0 = Debug|Any CPU
		{68F0E071-535E-4A97-BC8D-DCDC0D6FFEE8}.Release|Any CPU.ActiveCfg = Release|Any CPU
		{68F0E071-535E-4A97-BC8D-DCDC0D6FFEE8}.Release|Any CPU.Build.0 = Release|Any CPU
	EndGlobalSection
EndGlobal
